
Microsoft Visual Studio Solution File, Format Version 12.00
# Visual Studio Version 17
VisualStudioVersion = 17.9.34728.123
MinimumVisualStudioVersion = 10.0.40219.1
Project("{FAE04EC0-301F-11D3-BF4B-00C04F79EFBC}") = "MongoQueryTest", "MongoQueryTest\MongoQueryTest.csproj", "{C1AA5EC0-6A6D-46BB-A3C6-FA66DCC6FD1C}"
EndProject
Global
	GlobalSection(SolutionConfigurationPlatforms) = preSolution
		Debug|Any CPU = Debug|Any CPU
		Release|Any CPU = Release|Any CPU
	EndGlobalSection
	GlobalSection(ProjectConfigurationPlatforms) = postSolution
		{C1AA5EC0-6A6D-46BB-A3C6-FA66DCC6FD1C}.Debug|Any CPU.ActiveCfg = Debug|Any CPU
		{C1AA5EC0-6A6D-46BB-A3C6-FA66DCC6FD1C}.Debug|Any CPU.Build.0 = Debug|Any CPU
		{C1AA5EC0-6A6D-46BB-A3C6-FA66DCC6FD1C}.Release|Any CPU.ActiveCfg = Release|Any CPU
		{C1AA5EC0-6A6D-46BB-A3C6-FA66DCC6FD1C}.Release|Any CPU.Build.0 = Release|Any CPU
	EndGlobalSection
	GlobalSection(SolutionProperties) = preSolution
		HideSolutionNode = FALSE
	EndGlobalSection
	GlobalSection(ExtensibilityGlobals) = postSolution
		SolutionGuid = {100E2623-1AE9-478A-A908-036D6877597A}
	EndGlobalSection
EndGlobal
